;;;;;;;;;;;;;;;;;;;;;;;;;;;;;;;;;;;;;;;;;;;;;;;;;;;;;;;;;;;;;;;;;;;;;;;;;;;;;;;;
;; This is autogenerated by CLPM. Do not edit by hand.
;;;;;;;;;;;;;;;;;;;;;;;;;;;;;;;;;;;;;;;;;;;;;;;;;;;;;;;;;;;;;;;;;;;;;;;;;;;;;;;;

(:api-version "0.3")

;;;;;;;;;;;;;;;;;;;;;;;;;;;;;;;;;;;;;;;;;;;;;;;;;;;;;;;;;;;;;;;;;;;;;;;;;;;;;;;;
;; BEGIN SOURCES
;;;;;;;;;;;;;;;;;;;;;;;;;;;;;;;;;;;;;;;;;;;;;;;;;;;;;;;;;;;;;;;;;;;;;;;;;;;;;;;;

:sources
(:implicit-file :type :file-system :system-files
 ("bar.asd" "site.djei.bar.asd"))
(:implicit-vcs :type :vcs :projects nil)
("quicklisp" :url "https://beta.quicklisp.org/dist/quicklisp.txt" :type
 :quicklisp)


;;;;;;;;;;;;;;;;;;;;;;;;;;;;;;;;;;;;;;;;;;;;;;;;;;;;;;;;;;;;;;;;;;;;;;;;;;;;;;;;
;; BEGIN REQUIREMENTS
;;;;;;;;;;;;;;;;;;;;;;;;;;;;;;;;;;;;;;;;;;;;;;;;;;;;;;;;;;;;;;;;;;;;;;;;;;;;;;;;

:requirements
(:asd-file :name "site.djei.bar.asd")


;;;;;;;;;;;;;;;;;;;;;;;;;;;;;;;;;;;;;;;;;;;;;;;;;;;;;;;;;;;;;;;;;;;;;;;;;;;;;;;;
;; BEGIN RELEASES
;;;;;;;;;;;;;;;;;;;;;;;;;;;;;;;;;;;;;;;;;;;;;;;;;;;;;;;;;;;;;;;;;;;;;;;;;;;;;;;;

:releases
("3bz" :version "2020-12-20" :source "quicklisp" :systems ("3bz"))
("alexandria" :version "2021-04-11" :source "quicklisp" :systems ("alexandria"))
("babel" :version "2020-09-25" :source "quicklisp" :systems ("babel"))
("bordeaux-threads" :version "2020-06-10" :source "quicklisp" :systems
 ("bordeaux-threads"))
("cffi" :version "2021-04-11" :source "quicklisp" :systems
 ("cffi" "cffi-grovel" "cffi-toolchain"))
("cl-gobject-introspection" :version "2021-01-24" :source "quicklisp" :systems
 ("cl-gobject-introspection"))
("cl-jpeg" :version "2017-06-30" :source "quicklisp" :systems ("cl-jpeg"))
("cl-pdf" :version "2021-05-31" :source "quicklisp" :systems ("cl-pdf"))
("cl-ppcre" :version "2019-05-21" :source "quicklisp" :systems ("cl-ppcre"))
("cl-tga" :version "2016-03-18" :source "quicklisp" :systems ("cl-tga"))
("cl-unicode" :version "2021-02-28" :source "quicklisp" :systems ("cl-unicode"))
("cl-vectors" :version "2018-02-28" :source "quicklisp" :systems
 ("cl-aa" "cl-paths" "cl-paths-ttf" "cl-vectors"))
("classowary" :version "2019-10-07" :source "quicklisp" :systems ("classowary"))
("closer-mop" :version "2021-05-31" :source "quicklisp" :systems ("closer-mop"))
("clx" :version "2020-07-15" :source "quicklisp" :systems ("clx"))
("deflate" :version "2020-02-18" :source "quicklisp" :systems ("deflate"))
("documentation-utils" :version "2019-07-11" :source "quicklisp" :systems
 ("documentation-utils"))
("fare-quasiquote" :version "2020-09-25" :source "quicklisp" :systems
 ("fare-quasiquote" "fare-quasiquote-extras" "fare-quasiquote-optima"
  "fare-quasiquote-readtable"))
("fare-utils" :version "2017-01-24" :source "quicklisp" :systems ("fare-utils"))
("flexi-streams" :version "2020-09-25" :source "quicklisp" :systems
 ("flexi-streams"))
("flexichain" :version "2020-12-20" :source "quicklisp" :systems ("flexichain"))
("global-vars" :version "2014-11-06" :source "quicklisp" :systems
 ("global-vars"))
("ieee-floats" :version "2017-08-30" :source "quicklisp" :systems
 ("ieee-floats"))
("introspect-environment" :version "2020-07-15" :source "quicklisp" :systems
 ("introspect-environment"))
("iterate" :version "2021-05-31" :source "quicklisp" :systems ("iterate"))
("lisp-namespace" :version "2017-11-30" :source "quicklisp" :systems
 ("lisp-namespace"))
("local-time" :version "2021-01-24" :source "quicklisp" :systems ("local-time"))
("mcclim" :version "2021-05-31" :source "quicklisp" :systems
 ("automaton" "clim" "clim-basic" "clim-core" "clim-debugger" "clim-lisp"
  "clim-pdf" "clim-postscript" "clim-postscript-font" "clouseau"
  "conditional-commands" "drei-mcclim" "esa-mcclim" "mcclim"
  "mcclim-backend-common" "mcclim-bezier" "mcclim-bitmaps" "mcclim-clx"
  "mcclim-clx-fb" "mcclim-fonts" "mcclim-franz" "mcclim-null" "mcclim-render"
  "persistent" "slim"))
("mmap" :version "2020-12-20" :source "quicklisp" :systems ("mmap"))
("monkeylib-binary-data" :version "2011-12-03" :source "quicklisp" :systems
 ("com.gigamonkeys.binary-data"))
("named-readtables" :version "2021-05-31" :source "quicklisp" :systems
 ("named-readtables"))
("nibbles" :version "2021-05-31" :source "quicklisp" :systems ("nibbles"))
("opticl" :version "2021-01-24" :source "quicklisp" :systems ("opticl"))
("opticl-core" :version "2017-10-19" :source "quicklisp" :systems
 ("opticl-core"))
("parse-declarations" :version "2010-10-07" :source "quicklisp" :systems
 ("parse-declarations-1.0"))
("parse-float" :version "2020-02-18" :source "quicklisp" :systems
 ("parse-float"))
("parse-number" :version "2018-02-28" :source "quicklisp" :systems
 ("parse-number"))
("pngload" :version "2021-04-11" :source "quicklisp" :systems ("pngload"))
("retrospectiff" :version "2017-10-19" :source "quicklisp" :systems
 ("retrospectiff"))
("salza2" :version "2013-07-20" :source "quicklisp" :systems ("salza2"))
("serapeum" :version "2021-05-31" :source "quicklisp" :systems ("serapeum"))
("site.djei.bar.asd" :version :newest :source :implicit-file :systems
 ("site.djei.bar"))
("skippy" :version "2015-04-07" :source "quicklisp" :systems ("skippy"))
("slime" :version "2020-12-20" :source "quicklisp" :systems ("swank"))
("spatial-trees" :version "2014-08-26" :source "quicklisp" :systems
 ("spatial-trees"))
("split-sequence" :version "2021-05-31" :source "quicklisp" :systems
 ("split-sequence"))
("static-vectors" :version "2021-05-31" :source "quicklisp" :systems
 ("static-vectors"))
("string-case" :version "2018-07-11" :source "quicklisp" :systems
 ("string-case"))
("swap-bytes" :version "2019-11-30" :source "quicklisp" :systems ("swap-bytes"))
("trivia" :version "2021-04-11" :source "quicklisp" :systems
 ("trivia" "trivia.balland2006" "trivia.level0" "trivia.level1" "trivia.level2"
  "trivia.quasiquote" "trivia.trivial"))
("trivial-cltl2" :version "2020-03-25" :source "quicklisp" :systems
 ("trivial-cltl2"))
("trivial-features" :version "2021-04-11" :source "quicklisp" :systems
 ("trivial-features"))
("trivial-file-size" :version "2020-04-27" :source "quicklisp" :systems
 ("trivial-file-size"))
("trivial-garbage" :version "2020-09-25" :source "quicklisp" :systems
 ("trivial-garbage"))
("trivial-gray-streams" :version "2021-01-24" :source "quicklisp" :systems
 ("trivial-gray-streams"))
("trivial-indent" :version "2021-05-31" :source "quicklisp" :systems
 ("trivial-indent"))
("trivial-macroexpand-all" :version "2017-10-23" :source "quicklisp" :systems
 ("trivial-macroexpand-all"))
("type-i" :version "2019-12-27" :source "quicklisp" :systems ("type-i"))
("zpb-exif" :version "2021-01-24" :source "quicklisp" :systems ("zpb-exif"))
("zpb-ttf" :version "2021-01-24" :source "quicklisp" :systems ("zpb-ttf"))
("zpng" :version "2015-04-07" :source "quicklisp" :systems ("zpng"))


;;;;;;;;;;;;;;;;;;;;;;;;;;;;;;;;;;;;;;;;;;;;;;;;;;;;;;;;;;;;;;;;;;;;;;;;;;;;;;;;
;; BEGIN REVERSE-DEPENDENCIES
;;;;;;;;;;;;;;;;;;;;;;;;;;;;;;;;;;;;;;;;;;;;;;;;;;;;;;;;;;;;;;;;;;;;;;;;;;;;;;;;

:reverse-dependencies
("3bz" ((:system :name "pngload") (:system :name "3bz")))

("alexandria" ((:system :name "type-i") (:system :name "alexandria"))
 ((:system :name "trivia.level0") (:system :name "alexandria"))
 ((:system :name "trivia.balland2006") (:system :name "alexandria"))
 ((:system :name "static-vectors") (:system :name "alexandria"))
 ((:system :name "site.djei.bar") (:system :name "alexandria"))
 ((:system :name "serapeum") (:system :name "alexandria"))
 ((:system :name "pngload") (:system :name "alexandria"))
 ((:system :name "parse-float") (:system :name "alexandria"))
 ((:system :name "opticl-core") (:system :name "alexandria"))
 ((:system :name "opticl") (:system :name "alexandria"))
 ((:system :name "mcclim-render") (:system :name "alexandria"))
 ((:system :name "mcclim-clx") (:system :name "alexandria"))
 ((:system :name "lisp-namespace") (:system :name "alexandria"))
 ((:system :name "esa-mcclim") (:system :name "alexandria"))
 ((:system :name "com.gigamonkeys.binary-data") (:system :name "alexandria"))
 ((:system :name "clim-lisp") (:system :name "alexandria"))
 ((:system :name "clim-basic") (:system :name "alexandria"))
 ((:system :name "cl-gobject-introspection") (:system :name "alexandria"))
 ((:system :name "cffi-grovel") (:system :name "alexandria"))
 ((:system :name "cffi") (:system :name "alexandria"))
 ((:system :name "bordeaux-threads") (:system :name "alexandria"))
 ((:system :name "babel") (:system :name "alexandria"))
 ((:system :name "3bz") (:system :name "alexandria")))

("babel" ((:system :name "serapeum") (:system :name "babel"))
 ((:system :name "clim-basic") (:system :name "babel"))
 ((:system :name "cffi") (:system :name "babel"))
 ((:system :name "3bz") (:system :name "babel")))

("bordeaux-threads"
 ((:system :name "site.djei.bar") (:system :name "bordeaux-threads"))
 ((:system :name "serapeum") (:system :name "bordeaux-threads"))
 ((:system :name "clim-basic") (:system :name "bordeaux-threads")))

("cffi" ((:system :name "static-vectors") (:system :name "cffi"))
 ((:system :name "static-vectors") (:system :name "cffi-grovel"))
 ((:system :name "pngload") (:system :name "cffi"))
 ((:system :name "mmap") (:system :name "cffi"))
 ((:system :name "cl-gobject-introspection") (:system :name "cffi"))
 ((:system :name "cffi-toolchain") (:system :name "cffi"))
 ((:system :name "cffi-grovel") (:system :name "cffi"))
 ((:system :name "cffi-grovel") (:system :name "cffi-toolchain"))
 ((:system :name "3bz") (:system :name "cffi")))

("cl-gobject-introspection"
 ((:system :name "site.djei.bar") (:system :name "cl-gobject-introspection")))

("cl-jpeg" ((:system :name "retrospectiff") (:system :name "cl-jpeg"))
 ((:system :name "opticl") (:system :name "cl-jpeg")))

("cl-pdf" ((:system :name "clim-pdf") (:system :name "cl-pdf")))

("cl-ppcre" ((:system :name "cl-unicode") (:system :name "cl-ppcre")))

("cl-tga" ((:system :name "opticl") (:system :name "cl-tga")))

("cl-unicode" ((:system :name "mcclim-clx") (:system :name "cl-unicode")))

("cl-vectors" ((:system :name "mcclim-render") (:system :name "cl-aa"))
 ((:system :name "mcclim-render") (:system :name "cl-paths-ttf"))
 ((:system :name "mcclim-render") (:system :name "cl-vectors"))
 ((:system :name "mcclim-clx") (:system :name "cl-aa"))
 ((:system :name "mcclim-clx") (:system :name "cl-paths-ttf"))
 ((:system :name "mcclim-clx") (:system :name "cl-vectors"))
 ((:system :name "cl-vectors") (:system :name "cl-aa"))
 ((:system :name "cl-vectors") (:system :name "cl-paths"))
 ((:system :name "cl-paths-ttf") (:system :name "cl-paths")))

("classowary" ((:system :name "site.djei.bar") (:system :name "classowary")))

("closer-mop" ((:system :name "trivia.level2") (:system :name "closer-mop"))
 ((:system :name "clouseau") (:system :name "closer-mop"))
 ((:system :name "clim-lisp") (:system :name "closer-mop")))

("clx" ((:system :name "mcclim-clx") (:system :name "clx")))

("deflate" ((:system :name "retrospectiff") (:system :name "deflate")))

("documentation-utils"
 ((:system :name "mmap") (:system :name "documentation-utils"))
 ((:system :name "classowary") (:system :name "documentation-utils")))

("fare-quasiquote"
 ((:system :name "trivia.quasiquote")
  (:system :name "fare-quasiquote-readtable"))
 ((:system :name "serapeum") (:system :name "fare-quasiquote-extras"))
 ((:system :name "fare-quasiquote-readtable")
  (:system :name "fare-quasiquote"))
 ((:system :name "fare-quasiquote-extras")
  (:system :name "fare-quasiquote-optima"))
 ((:system :name "fare-quasiquote-extras")
  (:system :name "fare-quasiquote-readtable")))

("fare-utils" ((:system :name "fare-quasiquote") (:system :name "fare-utils")))

("flexi-streams"
 ((:system :name "retrospectiff") (:system :name "flexi-streams"))
 ((:system :name "clim-pdf") (:system :name "flexi-streams")))

("flexichain" ((:system :name "drei-mcclim") (:system :name "flexichain"))
 ((:system :name "clim-basic") (:system :name "flexichain")))

("global-vars" ((:system :name "serapeum") (:system :name "global-vars")))

("ieee-floats" ((:system :name "retrospectiff") (:system :name "ieee-floats")))

("introspect-environment"
 ((:system :name "type-i") (:system :name "introspect-environment"))
 ((:system :name "serapeum") (:system :name "introspect-environment")))

("iterate" ((:system :name "trivia.balland2006") (:system :name "iterate"))
 ((:system :name "cl-pdf") (:system :name "iterate"))
 ((:system :name "cl-gobject-introspection") (:system :name "iterate")))

("lisp-namespace" ((:system :name "type-i") (:system :name "lisp-namespace"))
 ((:system :name "trivia.level2") (:system :name "lisp-namespace")))

("local-time" ((:system :name "site.djei.bar") (:system :name "local-time")))

("mcclim" ((:system :name "slim") (:system :name "mcclim"))
 ((:system :name "site.djei.bar") (:system :name "clim-debugger"))
 ((:system :name "site.djei.bar") (:system :name "mcclim"))
 ((:system :name "mcclim-render") (:system :name "clim-basic"))
 ((:system :name "mcclim-render") (:system :name "mcclim-backend-common"))
 ((:system :name "mcclim-null") (:system :name "clim"))
 ((:system :name "mcclim-franz") (:system :name "clim"))
 ((:system :name "mcclim-fonts") (:system :name "clim-basic"))
 ((:system :name "mcclim-clx-fb") (:system :name "mcclim-backend-common"))
 ((:system :name "mcclim-clx-fb") (:system :name "mcclim-clx"))
 ((:system :name "mcclim-clx-fb") (:system :name "mcclim-render"))
 ((:system :name "mcclim-clx") (:system :name "clim-basic"))
 ((:system :name "mcclim-clx") (:system :name "mcclim-backend-common"))
 ((:system :name "mcclim-bitmaps") (:system :name "clim-basic"))
 ((:system :name "mcclim-bezier") (:system :name "clim"))
 ((:system :name "mcclim-bezier") (:system :name "clim-pdf"))
 ((:system :name "mcclim-bezier") (:system :name "clim-postscript"))
 ((:system :name "mcclim-bezier") (:system :name "mcclim-clx"))
 ((:system :name "mcclim-bezier") (:system :name "mcclim-null"))
 ((:system :name "mcclim-bezier") (:system :name "mcclim-render"))
 ((:system :name "mcclim-backend-common") (:system :name "clim"))
 ((:system :name "mcclim") (:system :name "clim"))
 ((:system :name "mcclim") (:system :name "clim-pdf"))
 ((:system :name "mcclim") (:system :name "clim-postscript"))
 ((:system :name "mcclim") (:system :name "conditional-commands"))
 ((:system :name "mcclim") (:system :name "mcclim-bezier"))
 ((:system :name "mcclim") (:system :name "mcclim-clx"))
 ((:system :name "mcclim") (:system :name "mcclim-null"))
 ((:system :name "mcclim") (:system :name "mcclim-bitmaps"))
 ((:system :name "mcclim") (:system :name "mcclim-clx-fb"))
 ((:system :name "mcclim") (:system :name "mcclim-franz"))
 ((:system :name "esa-mcclim") (:system :name "clim-core"))
 ((:system :name "drei-mcclim") (:system :name "clim-core"))
 ((:system :name "drei-mcclim") (:system :name "automaton"))
 ((:system :name "drei-mcclim") (:system :name "esa-mcclim"))
 ((:system :name "drei-mcclim") (:system :name "mcclim-fonts"))
 ((:system :name "drei-mcclim") (:system :name "persistent"))
 ((:system :name "conditional-commands") (:system :name "clim-basic"))
 ((:system :name "clouseau") (:system :name "mcclim"))
 ((:system :name "clim-postscript-font") (:system :name "clim-basic"))
 ((:system :name "clim-postscript-font")
  (:system :name "mcclim-backend-common"))
 ((:system :name "clim-postscript") (:system :name "clim-basic"))
 ((:system :name "clim-postscript") (:system :name "clim-postscript-font"))
 ((:system :name "clim-pdf") (:system :name "clim-basic"))
 ((:system :name "clim-pdf") (:system :name "clim-postscript"))
 ((:system :name "clim-pdf") (:system :name "clim-postscript-font"))
 ((:system :name "clim-debugger") (:system :name "clouseau"))
 ((:system :name "clim-debugger") (:system :name "mcclim"))
 ((:system :name "clim-debugger") (:system :name "slim"))
 ((:system :name "clim-core") (:system :name "clim-basic"))
 ((:system :name "clim-basic") (:system :name "clim-lisp"))
 ((:system :name "clim") (:system :name "clim-core"))
 ((:system :name "clim") (:system :name "drei-mcclim")))

("mmap" ((:system :name "pngload") (:system :name "mmap"))
 ((:system :name "3bz") (:system :name "mmap")))

("monkeylib-binary-data"
 ((:system :name "retrospectiff")
  (:system :name "com.gigamonkeys.binary-data")))

("named-readtables"
 ((:system :name "serapeum") (:system :name "named-readtables"))
 ((:system :name "fare-quasiquote-readtable")
  (:system :name "named-readtables")))

("nibbles" ((:system :name "3bz") (:system :name "nibbles")))

("opticl" ((:system :name "mcclim-bitmaps") (:system :name "opticl")))

("opticl-core" ((:system :name "retrospectiff") (:system :name "opticl-core"))
 ((:system :name "opticl") (:system :name "opticl-core")))

("parse-declarations"
 ((:system :name "serapeum") (:system :name "parse-declarations-1.0")))

("parse-float" ((:system :name "pngload") (:system :name "parse-float")))

("parse-number" ((:system :name "serapeum") (:system :name "parse-number")))

("pngload" ((:system :name "opticl") (:system :name "pngload")))

("retrospectiff" ((:system :name "opticl") (:system :name "retrospectiff")))

("salza2" ((:system :name "zpng") (:system :name "salza2")))

("serapeum" ((:system :name "site.djei.bar") (:system :name "serapeum")))

("site.djei.bar.asd" (t (:asd-file :name "site.djei.bar.asd")))

("skippy" ((:system :name "opticl") (:system :name "skippy")))

("slime" ((:system :name "drei-mcclim") (:system :name "swank"))
 ((:system :name "clim-debugger") (:system :name "swank")))

("spatial-trees" ((:system :name "clim-basic") (:system :name "spatial-trees")))

("split-sequence" ((:system :name "serapeum") (:system :name "split-sequence")))

("static-vectors" ((:system :name "pngload") (:system :name "static-vectors")))

("string-case" ((:system :name "serapeum") (:system :name "string-case")))

("swap-bytes" ((:system :name "pngload") (:system :name "swap-bytes")))

("trivia" ((:system :name "type-i") (:system :name "trivia.trivial"))
 ((:system :name "trivia.trivial") (:system :name "trivia.level2"))
 ((:system :name "trivia.quasiquote") (:system :name "trivia.trivial"))
 ((:system :name "trivia.level2") (:system :name "trivia.level1"))
 ((:system :name "trivia.level1") (:system :name "trivia.level0"))
 ((:system :name "trivia.balland2006") (:system :name "trivia.trivial"))
 ((:system :name "trivia") (:system :name "trivia.balland2006"))
 ((:system :name "serapeum") (:system :name "trivia.quasiquote"))
 ((:system :name "serapeum") (:system :name "trivia"))
 ((:system :name "fare-quasiquote-optima") (:system :name "trivia.quasiquote")))

("trivial-cltl2"
 ((:system :name "trivia.level2") (:system :name "trivial-cltl2"))
 ((:system :name "serapeum") (:system :name "trivial-cltl2")))

("trivial-features"
 ((:system :name "swap-bytes") (:system :name "trivial-features"))
 ((:system :name "mmap") (:system :name "trivial-features"))
 ((:system :name "clim-basic") (:system :name "trivial-features"))
 ((:system :name "cffi") (:system :name "trivial-features"))
 ((:system :name "babel") (:system :name "trivial-features"))
 ((:system :name "3bz") (:system :name "trivial-features")))

("trivial-file-size"
 ((:system :name "serapeum") (:system :name "trivial-file-size")))

("trivial-garbage"
 ((:system :name "serapeum") (:system :name "trivial-garbage"))
 ((:system :name "flexichain") (:system :name "trivial-garbage"))
 ((:system :name "clim-basic") (:system :name "trivial-garbage"))
 ((:system :name "cl-gobject-introspection") (:system :name "trivial-garbage")))

("trivial-gray-streams"
 ((:system :name "flexi-streams") (:system :name "trivial-gray-streams"))
 ((:system :name "clim-lisp") (:system :name "trivial-gray-streams")))

("trivial-indent"
 ((:system :name "documentation-utils") (:system :name "trivial-indent")))

("trivial-macroexpand-all"
 ((:system :name "serapeum") (:system :name "trivial-macroexpand-all")))

("type-i" ((:system :name "trivia.balland2006") (:system :name "type-i")))

("zpb-exif" ((:system :name "pngload") (:system :name "zpb-exif")))

("zpb-ttf" ((:system :name "mcclim-render") (:system :name "zpb-ttf"))
 ((:system :name "mcclim-clx") (:system :name "zpb-ttf"))
 ((:system :name "cl-pdf") (:system :name "zpb-ttf"))
 ((:system :name "cl-paths-ttf") (:system :name "zpb-ttf")))

("zpng" ((:system :name "opticl") (:system :name "zpng")))

